
Microsoft Visual Studio Solution File, Format Version 12.00
# Visual Studio Version 16
VisualStudioVersion = 16.0.31112.23
MinimumVisualStudioVersion = 10.0.40219.1
Project("{FAE04EC0-301F-11D3-BF4B-00C04F79EFBC}") = "IdentityManagementAPI", "IdentityManagementAPI\IdentityManagementAPI.csproj", "{026F076C-1BE5-467B-8169-0D46750B5C28}"
EndProject
Global
	GlobalSection(SolutionConfigurationPlatforms) = preSolution
		Debug|Any CPU = Debug|Any CPU
		Release|Any CPU = Release|Any CPU
	EndGlobalSection
	GlobalSection(ProjectConfigurationPlatforms) = postSolution
		{026F076C-1BE5-467B-8169-0D46750B5C28}.Debug|Any CPU.ActiveCfg = Debug|Any CPU
		{026F076C-1BE5-467B-8169-0D46750B5C28}.Debug|Any CPU.Build.0 = Debug|Any CPU
		{026F076C-1BE5-467B-8169-0D46750B5C28}.Release|Any CPU.ActiveCfg = Release|Any CPU
		{026F076C-1BE5-467B-8169-0D46750B5C28}.Release|Any CPU.Build.0 = Release|Any CPU
	EndGlobalSection
	GlobalSection(SolutionProperties) = preSolution
		HideSolutionNode = FALSE
	EndGlobalSection
	GlobalSection(ExtensibilityGlobals) = postSolution
		SolutionGuid = {E307F528-1DFA-4064-B435-70F2C1631800}
	EndGlobalSection
EndGlobal
